# This file is generated by running "yarn install" inside your project.
# Manual changes might be lost - proceed with caution!

__metadata:
  version: 7
  cacheKey: 9

"@esbuild/android-arm64@npm:0.17.4":
  version: 0.17.4
  resolution: "@esbuild/android-arm64@npm:0.17.4"
  conditions: os=android & cpu=arm64
  languageName: node
  linkType: hard

"@esbuild/android-arm@npm:0.17.4":
  version: 0.17.4
  resolution: "@esbuild/android-arm@npm:0.17.4"
  conditions: os=android & cpu=arm
  languageName: node
  linkType: hard

"@esbuild/android-x64@npm:0.17.4":
  version: 0.17.4
  resolution: "@esbuild/android-x64@npm:0.17.4"
  conditions: os=android & cpu=x64
  languageName: node
  linkType: hard

"@esbuild/darwin-arm64@npm:0.17.4":
  version: 0.17.4
  resolution: "@esbuild/darwin-arm64@npm:0.17.4"
  conditions: os=darwin & cpu=arm64
  languageName: node
  linkType: hard

"@esbuild/darwin-x64@npm:0.17.4":
  version: 0.17.4
  resolution: "@esbuild/darwin-x64@npm:0.17.4"
  conditions: os=darwin & cpu=x64
  languageName: node
  linkType: hard

"@esbuild/freebsd-arm64@npm:0.17.4":
  version: 0.17.4
  resolution: "@esbuild/freebsd-arm64@npm:0.17.4"
  conditions: os=freebsd & cpu=arm64
  languageName: node
  linkType: hard

"@esbuild/freebsd-x64@npm:0.17.4":
  version: 0.17.4
  resolution: "@esbuild/freebsd-x64@npm:0.17.4"
  conditions: os=freebsd & cpu=x64
  languageName: node
  linkType: hard

"@esbuild/linux-arm64@npm:0.17.4":
  version: 0.17.4
  resolution: "@esbuild/linux-arm64@npm:0.17.4"
  conditions: os=linux & cpu=arm64
  languageName: node
  linkType: hard

"@esbuild/linux-arm@npm:0.17.4":
  version: 0.17.4
  resolution: "@esbuild/linux-arm@npm:0.17.4"
  conditions: os=linux & cpu=arm
  languageName: node
  linkType: hard

"@esbuild/linux-ia32@npm:0.17.4":
  version: 0.17.4
  resolution: "@esbuild/linux-ia32@npm:0.17.4"
  conditions: os=linux & cpu=ia32
  languageName: node
  linkType: hard

"@esbuild/linux-loong64@npm:0.17.4":
  version: 0.17.4
  resolution: "@esbuild/linux-loong64@npm:0.17.4"
  conditions: os=linux & cpu=loong64
  languageName: node
  linkType: hard

"@esbuild/linux-mips64el@npm:0.17.4":
  version: 0.17.4
  resolution: "@esbuild/linux-mips64el@npm:0.17.4"
  conditions: os=linux & cpu=mips64el
  languageName: node
  linkType: hard

"@esbuild/linux-ppc64@npm:0.17.4":
  version: 0.17.4
  resolution: "@esbuild/linux-ppc64@npm:0.17.4"
  conditions: os=linux & cpu=ppc64
  languageName: node
  linkType: hard

"@esbuild/linux-riscv64@npm:0.17.4":
  version: 0.17.4
  resolution: "@esbuild/linux-riscv64@npm:0.17.4"
  conditions: os=linux & cpu=riscv64
  languageName: node
  linkType: hard

"@esbuild/linux-s390x@npm:0.17.4":
  version: 0.17.4
  resolution: "@esbuild/linux-s390x@npm:0.17.4"
  conditions: os=linux & cpu=s390x
  languageName: node
  linkType: hard

"@esbuild/linux-x64@npm:0.17.4":
  version: 0.17.4
  resolution: "@esbuild/linux-x64@npm:0.17.4"
  conditions: os=linux & cpu=x64
  languageName: node
  linkType: hard

"@esbuild/netbsd-x64@npm:0.17.4":
  version: 0.17.4
  resolution: "@esbuild/netbsd-x64@npm:0.17.4"
  conditions: os=netbsd & cpu=x64
  languageName: node
  linkType: hard

"@esbuild/openbsd-x64@npm:0.17.4":
  version: 0.17.4
  resolution: "@esbuild/openbsd-x64@npm:0.17.4"
  conditions: os=openbsd & cpu=x64
  languageName: node
  linkType: hard

"@esbuild/sunos-x64@npm:0.17.4":
  version: 0.17.4
  resolution: "@esbuild/sunos-x64@npm:0.17.4"
  conditions: os=sunos & cpu=x64
  languageName: node
  linkType: hard

"@esbuild/win32-arm64@npm:0.17.4":
  version: 0.17.4
  resolution: "@esbuild/win32-arm64@npm:0.17.4"
  conditions: os=win32 & cpu=arm64
  languageName: node
  linkType: hard

"@esbuild/win32-ia32@npm:0.17.4":
  version: 0.17.4
  resolution: "@esbuild/win32-ia32@npm:0.17.4"
  conditions: os=win32 & cpu=ia32
  languageName: node
  linkType: hard

"@esbuild/win32-x64@npm:0.17.4":
  version: 0.17.4
  resolution: "@esbuild/win32-x64@npm:0.17.4"
  conditions: os=win32 & cpu=x64
  languageName: node
  linkType: hard

"@libs/build@workspace:^, @libs/build@workspace:libs/build":
  version: 0.0.0-use.local
  resolution: "@libs/build@workspace:libs/build"
  dependencies:
    "@yarnpkg/esbuild-plugin-pnp": "npm:^3.0.0-rc.15"
    esbuild: "npm:^0.17.4"
  languageName: unknown
  linkType: soft

"@rometools/cli-darwin-arm64@npm:11.0.0":
  version: 11.0.0
  resolution: "@rometools/cli-darwin-arm64@npm:11.0.0"
  conditions: os=darwin & cpu=arm64
  languageName: node
  linkType: hard

"@rometools/cli-darwin-x64@npm:11.0.0":
  version: 11.0.0
  resolution: "@rometools/cli-darwin-x64@npm:11.0.0"
  conditions: os=darwin & cpu=x64
  languageName: node
  linkType: hard

"@rometools/cli-linux-arm64@npm:11.0.0":
  version: 11.0.0
  resolution: "@rometools/cli-linux-arm64@npm:11.0.0"
  conditions: os=linux & cpu=arm64
  languageName: node
  linkType: hard

"@rometools/cli-linux-x64@npm:11.0.0":
  version: 11.0.0
  resolution: "@rometools/cli-linux-x64@npm:11.0.0"
  conditions: os=linux & cpu=x64
  languageName: node
  linkType: hard

"@rometools/cli-win32-arm64@npm:11.0.0":
  version: 11.0.0
  resolution: "@rometools/cli-win32-arm64@npm:11.0.0"
  conditions: os=win32 & cpu=arm64
  languageName: node
  linkType: hard

"@rometools/cli-win32-x64@npm:11.0.0":
  version: 11.0.0
  resolution: "@rometools/cli-win32-x64@npm:11.0.0"
  conditions: os=win32 & cpu=x64
  languageName: node
  linkType: hard

"@yarnpkg/esbuild-plugin-pnp@npm:^3.0.0-rc.15":
  version: 3.0.0-rc.15
  resolution: "@yarnpkg/esbuild-plugin-pnp@npm:3.0.0-rc.15"
  dependencies:
    tslib: "npm:^2.4.0"
  peerDependencies:
    esbuild: ">=0.10.0"
  checksum: 27a456a5cc38878109b702e08cd577a0e9b32607a57809d75b22286a0089b1b7e7bf7c75627b123a39e1837f8162a42ca4fc3ef2715f61c80b2d7a7621ae46b2
  languageName: node
  linkType: hard

"dist@workspace:dist":
  version: 0.0.0-use.local
  resolution: "dist@workspace:dist"
  languageName: unknown
  linkType: soft

"esbuild@npm:^0.17.4":
  version: 0.17.4
  resolution: "esbuild@npm:0.17.4"
  dependencies:
    "@esbuild/android-arm": "npm:0.17.4"
    "@esbuild/android-arm64": "npm:0.17.4"
    "@esbuild/android-x64": "npm:0.17.4"
    "@esbuild/darwin-arm64": "npm:0.17.4"
    "@esbuild/darwin-x64": "npm:0.17.4"
    "@esbuild/freebsd-arm64": "npm:0.17.4"
    "@esbuild/freebsd-x64": "npm:0.17.4"
    "@esbuild/linux-arm": "npm:0.17.4"
    "@esbuild/linux-arm64": "npm:0.17.4"
    "@esbuild/linux-ia32": "npm:0.17.4"
    "@esbuild/linux-loong64": "npm:0.17.4"
    "@esbuild/linux-mips64el": "npm:0.17.4"
    "@esbuild/linux-ppc64": "npm:0.17.4"
    "@esbuild/linux-riscv64": "npm:0.17.4"
    "@esbuild/linux-s390x": "npm:0.17.4"
    "@esbuild/linux-x64": "npm:0.17.4"
    "@esbuild/netbsd-x64": "npm:0.17.4"
    "@esbuild/openbsd-x64": "npm:0.17.4"
    "@esbuild/sunos-x64": "npm:0.17.4"
    "@esbuild/win32-arm64": "npm:0.17.4"
    "@esbuild/win32-ia32": "npm:0.17.4"
    "@esbuild/win32-x64": "npm:0.17.4"
  dependenciesMeta:
    "@esbuild/android-arm":
      optional: true
    "@esbuild/android-arm64":
      optional: true
    "@esbuild/android-x64":
      optional: true
    "@esbuild/darwin-arm64":
      optional: true
    "@esbuild/darwin-x64":
      optional: true
    "@esbuild/freebsd-arm64":
      optional: true
    "@esbuild/freebsd-x64":
      optional: true
    "@esbuild/linux-arm":
      optional: true
    "@esbuild/linux-arm64":
      optional: true
    "@esbuild/linux-ia32":
      optional: true
    "@esbuild/linux-loong64":
      optional: true
    "@esbuild/linux-mips64el":
      optional: true
    "@esbuild/linux-ppc64":
      optional: true
    "@esbuild/linux-riscv64":
      optional: true
    "@esbuild/linux-s390x":
      optional: true
    "@esbuild/linux-x64":
      optional: true
    "@esbuild/netbsd-x64":
      optional: true
    "@esbuild/openbsd-x64":
      optional: true
    "@esbuild/sunos-x64":
      optional: true
    "@esbuild/win32-arm64":
      optional: true
    "@esbuild/win32-ia32":
      optional: true
    "@esbuild/win32-x64":
      optional: true
  bin:
    esbuild: bin/esbuild
  checksum: 0d05a22f0e120b93e904da21590bdcaf9360deda33c4b26a7a935fcc9343918ada673a996139751ea452534caef59ceffea50615770ffd1fc7519ea7699b62fa
  languageName: node
  linkType: hard

"hello@workspace:packages/hello":
  version: 0.0.0-use.local
  resolution: "hello@workspace:packages/hello"
  languageName: unknown
  linkType: soft

"main@workspace:main":
  version: 0.0.0-use.local
  resolution: "main@workspace:main"
  languageName: unknown
  linkType: soft

"modern-nestjs@workspace:.":
  version: 0.0.0-use.local
  resolution: "modern-nestjs@workspace:."
  dependencies:
    "@libs/build": "workspace:^"
    rome: "npm:^11.0.0"
    typescript: "npm:^4.9.4"
  languageName: unknown
  linkType: soft

"rome@npm:^11.0.0":
  version: 11.0.0
  resolution: "rome@npm:11.0.0"
  dependencies:
    "@rometools/cli-darwin-arm64": "npm:11.0.0"
    "@rometools/cli-darwin-x64": "npm:11.0.0"
    "@rometools/cli-linux-arm64": "npm:11.0.0"
    "@rometools/cli-linux-x64": "npm:11.0.0"
    "@rometools/cli-win32-arm64": "npm:11.0.0"
    "@rometools/cli-win32-x64": "npm:11.0.0"
  dependenciesMeta:
    "@rometools/cli-darwin-arm64":
      optional: true
    "@rometools/cli-darwin-x64":
      optional: true
    "@rometools/cli-linux-arm64":
      optional: true
    "@rometools/cli-linux-x64":
      optional: true
    "@rometools/cli-win32-arm64":
      optional: true
    "@rometools/cli-win32-x64":
      optional: true
  bin:
    rome: bin/rome
  checksum: 82e8ac6fc00c8212ce0cb3a8c76864f4c1d83433a454b14bb746e4af93e84bf193160115438b981ae86fc37cd2e96b2c728a7779b5a354601a39904be2280706
  languageName: node
  linkType: hard

"tslib@npm:^2.4.0":
  version: 2.4.1
  resolution: "tslib@npm:2.4.1"
  checksum: a739a21e3ff059e62c7c3c0845333fbc9c081bcc91e015f2d246a31eeaf1fb0e29b10c0913c7d22f692b3203bb469fd60ca5288aa4f27d351a969df2d0714899
  languageName: node
  linkType: hard

"typescript@npm:^4.9.4":
  version: 4.9.4
  resolution: "typescript@npm:4.9.4"
  bin:
    tsc: bin/tsc
    tsserver: bin/tsserver
  checksum: b142d5e50785d0e5055771e4d9e712b01be58985ff29be3d3acc64f0fddd5fd8ade8b28583ba502f2565783c23bd5b509c5abcc1a93a2d7d4f05b8e4ee731fc9
  languageName: node
  linkType: hard

"typescript@patch:typescript@npm%3A^4.9.4#optional!builtin<compat/typescript>":
  version: 4.9.4
  resolution: "typescript@patch:typescript@npm%3A4.9.4#optional!builtin<compat/typescript>::version=4.9.4&hash=ad5954"
  bin:
    tsc: bin/tsc
    tsserver: bin/tsserver
  checksum: e7321aeb1e2c0e3c19599808707208e2b730de8d17a5624f0a7297b9a1ffa39974edd4a819108b3b635bc00171476ddfa339e04d928a03ce8d8c6944cb8ec008
  languageName: node
  linkType: hard
